
Microsoft Visual Studio Solution File, Format Version 12.00
# Visual Studio 15
Project("{FAE04EC0-301F-11D3-BF4B-00C04F79EFBC}") = "Assembly-CSharp", "Assembly-CSharp.csproj", "{1DAFB9C5-312D-A069-F1C3-A333557C4BB0}"
EndProject
Project("{FAE04EC0-301F-11D3-BF4B-00C04F79EFBC}") = "Assembly-CSharp-Editor", "Assembly-CSharp-Editor.csproj", "{840EF20A-D03E-CE8C-E316-40BC1F2E6965}"
EndProject
Global
	GlobalSection(SolutionConfigurationPlatforms) = preSolution
		Debug|Any CPU = Debug|Any CPU
		Release|Any CPU = Release|Any CPU
	EndGlobalSection
	GlobalSection(ProjectConfigurationPlatforms) = postSolution
		{1DAFB9C5-312D-A069-F1C3-A333557C4BB0}.Debug|Any CPU.ActiveCfg = Debug|Any CPU
		{1DAFB9C5-312D-A069-F1C3-A333557C4BB0}.Debug|Any CPU.Build.0 = Debug|Any CPU
		{1DAFB9C5-312D-A069-F1C3-A333557C4BB0}.Release|Any CPU.ActiveCfg = Release|Any CPU
		{1DAFB9C5-312D-A069-F1C3-A333557C4BB0}.Release|Any CPU.Build.0 = Release|Any CPU
		{840EF20A-D03E-CE8C-E316-40BC1F2E6965}.Debug|Any CPU.ActiveCfg = Debug|Any CPU
		{840EF20A-D03E-CE8C-E316-40BC1F2E6965}.Debug|Any CPU.Build.0 = Debug|Any CPU
		{840EF20A-D03E-CE8C-E316-40BC1F2E6965}.Release|Any CPU.ActiveCfg = Release|Any CPU
		{840EF20A-D03E-CE8C-E316-40BC1F2E6965}.Release|Any CPU.Build.0 = Release|Any CPU
	EndGlobalSection
	GlobalSection(SolutionProperties) = preSolution
		HideSolutionNode = FALSE
	EndGlobalSection
EndGlobal
